// !$*UTF8*$!
{
	archiveVersion = 1;
	classes = {
	};
	objectVersion = 50;
	objects = {

/* Begin PBXBuildFile section */
		2DCF99AF23C48F3D00980DEA /* AppDelegate.swift in Sources */ = {isa = PBXBuildFile; fileRef = 2DCF99AE23C48F3D00980DEA /* AppDelegate.swift */; };
		2DCF99B123C48F3D00980DEA /* SceneDelegate.swift in Sources */ = {isa = PBXBuildFile; fileRef = 2DCF99B023C48F3D00980DEA /* SceneDelegate.swift */; };
		2DCF99B323C48F3D00980DEA /* MasterViewController.swift in Sources */ = {isa = PBXBuildFile; fileRef = 2DCF99B223C48F3D00980DEA /* MasterViewController.swift */; };
		2DCF99B523C48F3D00980DEA /* DetailViewController.swift in Sources */ = {isa = PBXBuildFile; fileRef = 2DCF99B423C48F3D00980DEA /* DetailViewController.swift */; };
		2DCF99B823C48F3D00980DEA /* Main.storyboard in Resources */ = {isa = PBXBuildFile; fileRef = 2DCF99B623C48F3D00980DEA /* Main.storyboard */; };
		2DCF99BA23C48F4600980DEA /* Assets.xcassets in Resources */ = {isa = PBXBuildFile; fileRef = 2DCF99B923C48F4600980DEA /* Assets.xcassets */; };
		2DCF99BD23C48F4600980DEA /* LaunchScreen.storyboard in Resources */ = {isa = PBXBuildFile; fileRef = 2DCF99BB23C48F4600980DEA /* LaunchScreen.storyboard */; };
/* End PBXBuildFile section */

/* Begin PBXFileReference section */
		2DCF99AB23C48F3D00980DEA /* InputAccessoryPlayground.app */ = {isa = PBXFileReference; explicitFileType = wrapper.application; includeInIndex = 0; path = InputAccessoryPlayground.app; sourceTree = BUILT_PRODUCTS_DIR; };
		2DCF99AE23C48F3D00980DEA /* AppDelegate.swift */ = {isa = PBXFileReference; lastKnownFileType = sourcecode.swift; path = AppDelegate.swift; sourceTree = "<group>"; };
		2DCF99B023C48F3D00980DEA /* SceneDelegate.swift */ = {isa = PBXFileReference; lastKnownFileType = sourcecode.swift; path = SceneDelegate.swift; sourceTree = "<group>"; };
		2DCF99B223C48F3D00980DEA /* MasterViewController.swift */ = {isa = PBXFileReference; lastKnownFileType = sourcecode.swift; path = MasterViewController.swift; sourceTree = "<group>"; };
		2DCF99B423C48F3D00980DEA /* DetailViewController.swift */ = {isa = PBXFileReference; lastKnownFileType = sourcecode.swift; path = DetailViewController.swift; sourceTree = "<group>"; };
		2DCF99B723C48F3D00980DEA /* Base */ = {isa = PBXFileReference; lastKnownFileType = file.storyboard; name = Base; path = Base.lproj/Main.storyboard; sourceTree = "<group>"; };
		2DCF99B923C48F4600980DEA /* Assets.xcassets */ = {isa = PBXFileReference; lastKnownFileType = folder.assetcatalog; path = Assets.xcassets; sourceTree = "<group>"; };
		2DCF99BC23C48F4600980DEA /* Base */ = {isa = PBXFileReference; lastKnownFileType = file.storyboard; name = Base; path = Base.lproj/LaunchScreen.storyboard; sourceTree = "<group>"; };
		2DCF99BE23C48F4600980DEA /* Info.plist */ = {isa = PBXFileReference; lastKnownFileType = text.plist.xml; path = Info.plist; sourceTree = "<group>"; };
/* End PBXFileReference section */

/* Begin PBXFrameworksBuildPhase section */
		2DCF99A823C48F3D00980DEA /* Frameworks */ = {
			isa = PBXFrameworksBuildPhase;
			buildActionMask = 2147483647;
			files = (
			);
			runOnlyForDeploymentPostprocessing = 0;
		};
/* End PBXFrameworksBuildPhase section */

/* Begin PBXGroup section */
		2DCF99A223C48F3D00980DEA = {
			isa = PBXGroup;
			children = (
				2DCF99AD23C48F3D00980DEA /* InputAccessoryPlayground */,
				2DCF99AC23C48F3D00980DEA /* Products */,
			);
			sourceTree = "<group>";
		};
		2DCF99AC23C48F3D00980DEA /* Products */ = {
			isa = PBXGroup;
			children = (
				2DCF99AB23C48F3D00980DEA /* InputAccessoryPlayground.app */,
			);
			name = Products;
			sourceTree = "<group>";
		};
		2DCF99AD23C48F3D00980DEA /* InputAccessoryPlayground */ = {
			isa = PBXGroup;
			children = (
				2DCF99AE23C48F3D00980DEA /* AppDelegate.swift */,
				2DCF99B023C48F3D00980DEA /* SceneDelegate.swift */,
				2DCF99B223C48F3D00980DEA /* MasterViewController.swift */,
				2DCF99B423C48F3D00980DEA /* DetailViewController.swift */,
				2DCF99B623C48F3D00980DEA /* Main.storyboard */,
				2DCF99B923C48F4600980DEA /* Assets.xcassets */,
				2DCF99BB23C48F4600980DEA /* LaunchScreen.storyboard */,
				2DCF99BE23C48F4600980DEA /* Info.plist */,
			);
			path = InputAccessoryPlayground;
			sourceTree = "<group>";
		};
/* End PBXGroup section */

/* Begin PBXNativeTarget section */
		2DCF99AA23C48F3D00980DEA /* InputAccessoryPlayground */ = {
			isa = PBXNativeTarget;
			buildConfigurationList = 2DCF99C123C48F4600980DEA /* Build configuration list for PBXNativeTarget "InputAccessoryPlayground" */;
			buildPhases = (
				2DCF99A723C48F3D00980DEA /* Sources */,
				2DCF99A823C48F3D00980DEA /* Frameworks */,
				2DCF99A923C48F3D00980DEA /* Resources */,
			);
			buildRules = (
			);
			dependencies = (
			);
			name = InputAccessoryPlayground;
			productName = InputAccessoryPlayground;
			productReference = 2DCF99AB23C48F3D00980DEA /* InputAccessoryPlayground.app */;
			productType = "com.apple.product-type.application";
		};
/* End PBXNativeTarget section */

/* Begin PBXProject section */
		2DCF99A323C48F3D00980DEA /* Project object */ = {
			isa = PBXProject;
			attributes = {
				LastSwiftUpdateCheck = 1130;
				LastUpgradeCheck = 1130;
				ORGANIZATIONNAME = IZE;
				TargetAttributes = {
					2DCF99AA23C48F3D00980DEA = {
						CreatedOnToolsVersion = 11.3;
					};
				};
			};
			buildConfigurationList = 2DCF99A623C48F3D00980DEA /* Build configuration list for PBXProject "InputAccessoryPlayground" */;
			compatibilityVersion = "Xcode 9.3";
			developmentRegion = en;
			hasScannedForEncodings = 0;
			knownRegions = (
				en,
				Base,
			);
			mainGroup = 2DCF99A223C48F3D00980DEA;
			productRefGroup = 2DCF99AC23C48F3D00980DEA /* Products */;
			projectDirPath = "";
			projectRoot = "";
			targets = (
				2DCF99AA23C48F3D00980DEA /* InputAccessoryPlayground */,
			);
		};
/* End PBXProject section */

/* Begin PBXResourcesBuildPhase section */
		2DCF99A923C48F3D00980DEA /* Resources */ = {
			isa = PBXResourcesBuildPhase;
			buildActionMask = 2147483647;
			files = (
				2DCF99BD23C48F4600980DEA /* LaunchScreen.storyboard in Resources */,
				2DCF99BA23C48F4600980DEA /* Assets.xcassets in Resources */,
				2DCF99B823C48F3D00980DEA /* Main.storyboard in Resources */,
			);
			runOnlyForDeploymentPostprocessing = 0;
		};
/* End PBXResourcesBuildPhase section */

/* Begin PBXSourcesBuildPhase section */
		2DCF99A723C48F3D00980DEA /* Sources */ = {
			isa = PBXSourcesBuildPhase;
			buildActionMask = 2147483647;
			files = (
				2DCF99AF23C48F3D00980DEA /* AppDelegate.swift in Sources */,
				2DCF99B123C48F3D00980DEA /* SceneDelegate.swift in Sources */,
				2DCF99B323C48F3D00980DEA /* MasterViewController.swift in Sources */,
				2DCF99B523C48F3D00980DEA /* DetailViewController.swift in Sources */,
			);
			runOnlyForDeploymentPostprocessing = 0;
		};
/* End PBXSourcesBuildPhase section */

/* Begin PBXVariantGroup section */
		2DCF99B623C48F3D00980DEA /* Main.storyboard */ = {
			isa = PBXVariantGroup;
			children = (
				2DCF99B723C48F3D00980DEA /* Base */,
			);
			name = Main.storyboard;
			sourceTree = "<group>";
		};
		2DCF99BB23C48F4600980DEA /* LaunchScreen.storyboard */ = {
			isa = PBXVariantGroup;
			children = (
				2DCF99BC23C48F4600980DEA /* Base */,
			);
			name = LaunchScreen.storyboard;
			sourceTree = "<group>";
		};
/* End PBXVariantGroup section */

/* Begin XCBuildConfiguration section */
		2DCF99BF23C48F4600980DEA /* Debug */ = {
			isa = XCBuildConfiguration;
			buildSettings = {
				ALWAYS_SEARCH_USER_PATHS = NO;
				CLANG_ANALYZER_NONNULL = YES;
				CLANG_ANALYZER_NUMBER_OBJECT_CONVERSION = YES_AGGRESSIVE;
				CLANG_CXX_LANGUAGE_STANDARD = "gnu++14";
				CLANG_CXX_LIBRARY = "libc++";
				CLANG_ENABLE_MODULES = YES;
				CLANG_ENABLE_OBJC_ARC = YES;
				CLANG_ENABLE_OBJC_WEAK = YES;
				CLANG_WARN_BLOCK_CAPTURE_AUTORELEASING = YES;
				CLANG_WARN_BOOL_CONVERSION = YES;
				CLANG_WARN_COMMA = YES;
				CLANG_WARN_CONSTANT_CONVERSION = YES;
				CLANG_WARN_DEPRECATED_OBJC_IMPLEMENTATIONS = YES;
				CLANG_WARN_DIRECT_OBJC_ISA_USAGE = YES_ERROR;
				CLANG_WARN_DOCUMENTATION_COMMENTS = YES;
				CLANG_WARN_EMPTY_BODY = YES;
				CLANG_WARN_ENUM_CONVERSION = YES;
				CLANG_WARN_INFINITE_RECURSION = YES;
				CLANG_WARN_INT_CONVERSION = YES;
				CLANG_WARN_NON_LITERAL_NULL_CONVERSION = YES;
				CLANG_WARN_OBJC_IMPLICIT_RETAIN_SELF = YES;
				CLANG_WARN_OBJC_LITERAL_CONVERSION = YES;
				CLANG_WARN_OBJC_ROOT_CLASS = YES_ERROR;
				CLANG_WARN_RANGE_LOOP_ANALYSIS = YES;
				CLANG_WARN_STRICT_PROTOTYPES = YES;
				CLANG_WARN_SUSPICIOUS_MOVE = YES;
				CLANG_WARN_UNGUARDED_AVAILABILITY = YES_AGGRESSIVE;
				CLANG_WARN_UNREACHABLE_CODE = YES;
				CLANG_WARN__DUPLICATE_METHOD_MATCH = YES;
				COPY_PHASE_STRIP = NO;
				DEBUG_INFORMATION_FORMAT = dwarf;
				ENABLE_STRICT_OBJC_MSGSEND = YES;
				ENABLE_TESTABILITY = YES;
				GCC_C_LANGUAGE_STANDARD = gnu11;
				GCC_DYNAMIC_NO_PIC = NO;
				GCC_NO_COMMON_BLOCKS = YES;
				GCC_OPTIMIZATION_LEVEL = 0;
				GCC_PREPROCESSOR_DEFINITIONS = (
					"DEBUG=1",
					"$(inherited)",
				);
				GCC_WARN_64_TO_32_BIT_CONVERSION = YES;
				GCC_WARN_ABOUT_RETURN_TYPE = YES_ERROR;
				GCC_WARN_UNDECLARED_SELECTOR = YES;
				GCC_WARN_UNINITIALIZED_AUTOS = YES_AGGRESSIVE;
				GCC_WARN_UNUSED_FUNCTION = YES;
				GCC_WARN_UNUSED_VARIABLE = YES;
				IPHONEOS_DEPLOYMENT_TARGET = 13.2;
				MTL_ENABLE_DEBUG_INFO = INCLUDE_SOURCE;
				MTL_FAST_MATH = YES;
				ONLY_ACTIVE_ARCH = YES;
				SDKROOT = iphoneos;
				SWIFT_ACTIVE_COMPILATION_CONDITIONS = DEBUG;
				SWIFT_OPTIMIZATION_LEVEL = "-Onone";
			};
			name = Debug;
		};
		2DCF99C023C48F4600980DEA /* Release */ = {
			isa = XCBuildConfiguration;
			buildSettings = {
				ALWAYS_SEARCH_USER_PATHS = NO;
				CLANG_ANALYZER_NONNULL = YES;
				CLANG_ANALYZER_NUMBER_OBJECT_CONVERSION = YES_AGGRESSIVE;
				CLANG_CXX_LANGUAGE_STANDARD = "gnu++14";
				CLANG_CXX_LIBRARY = "libc++";
				CLANG_ENABLE_MODULES = YES;
				CLANG_ENABLE_OBJC_ARC = YES;
				CLANG_ENABLE_OBJC_WEAK = YES;
				CLANG_WARN_BLOCK_CAPTURE_AUTORELEASING = YES;
				CLANG_WARN_BOOL_CONVERSION = YES;
				CLANG_WARN_COMMA = YES;
				CLANG_WARN_CONSTANT_CONVERSION = YES;
				CLANG_WARN_DEPRECATED_OBJC_IMPLEMENTATIONS = YES;
				CLANG_WARN_DIRECT_OBJC_ISA_USAGE = YES_ERROR;
				CLANG_WARN_DOCUMENTATION_COMMENTS = YES;
				CLANG_WARN_EMPTY_BODY = YES;
				CLANG_WARN_ENUM_CONVERSION = YES;
				CLANG_WARN_INFINITE_RECURSION = YES;
				CLANG_WARN_INT_CONVERSION = YES;
				CLANG_WARN_NON_LITERAL_NULL_CONVERSION = YES;
				CLANG_WARN_OBJC_IMPLICIT_RETAIN_SELF = YES;
				CLANG_WARN_OBJC_LITERAL_CONVERSION = YES;
				CLANG_WARN_OBJC_ROOT_CLASS = YES_ERROR;
				CLANG_WARN_RANGE_LOOP_ANALYSIS = YES;
				CLANG_WARN_STRICT_PROTOTYPES = YES;
				CLANG_WARN_SUSPICIOUS_MOVE = YES;
				CLANG_WARN_UNGUARDED_AVAILABILITY = YES_AGGRESSIVE;
				CLANG_WARN_UNREACHABLE_CODE = YES;
				CLANG_WARN__DUPLICATE_METHOD_MATCH = YES;
				COPY_PHASE_STRIP = NO;
				DEBUG_INFORMATION_FORMAT = "dwarf-with-dsym";
				ENABLE_NS_ASSERTIONS = NO;
				ENABLE_STRICT_OBJC_MSGSEND = YES;
				GCC_C_LANGUAGE_STANDARD = gnu11;
				GCC_NO_COMMON_BLOCKS = YES;
				GCC_WARN_64_TO_32_BIT_CONVERSION = YES;
				GCC_WARN_ABOUT_RETURN_TYPE = YES_ERROR;
				GCC_WARN_UNDECLARED_SELECTOR = YES;
				GCC_WARN_UNINITIALIZED_AUTOS = YES_AGGRESSIVE;
				GCC_WARN_UNUSED_FUNCTION = YES;
				GCC_WARN_UNUSED_VARIABLE = YES;
				IPHONEOS_DEPLOYMENT_TARGET = 13.2;
				MTL_ENABLE_DEBUG_INFO = NO;
				MTL_FAST_MATH = YES;
				SDKROOT = iphoneos;
				SWIFT_COMPILATION_MODE = wholemodule;
				SWIFT_OPTIMIZATION_LEVEL = "-O";
				VALIDATE_PRODUCT = YES;
			};
			name = Release;
		};
		2DCF99C223C48F4600980DEA /* Debug */ = {
			isa = XCBuildConfiguration;
			buildSettings = {
				ASSETCATALOG_COMPILER_APPICON_NAME = AppIcon;
				CODE_SIGN_STYLE = Automatic;
				DEVELOPMENT_TEAM = S647QX78WZ;
				INFOPLIST_FILE = InputAccessoryPlayground/Info.plist;
				LD_RUNPATH_SEARCH_PATHS = (
					"$(inherited)",
					"@executable_path/Frameworks",
				);
				PRODUCT_BUNDLE_IDENTIFIER = company.ize.InputAccessoryPlayground;
				PRODUCT_NAME = "$(TARGET_NAME)";
				SWIFT_VERSION = 5.0;
				TARGETED_DEVICE_FAMILY = "1,2";
			};
			name = Debug;
		};
		2DCF99C323C48F4600980DEA /* Release */ = {
			isa = XCBuildConfiguration;
			buildSettings = {
				ASSETCATALOG_COMPILER_APPICON_NAME = AppIcon;
				CODE_SIGN_STYLE = Automatic;
				DEVELOPMENT_TEAM = S647QX78WZ;
				INFOPLIST_FILE = InputAccessoryPlayground/Info.plist;
				LD_RUNPATH_SEARCH_PATHS = (
					"$(inherited)",
					"@executable_path/Frameworks",
				);
				PRODUCT_BUNDLE_IDENTIFIER = company.ize.InputAccessoryPlayground;
				PRODUCT_NAME = "$(TARGET_NAME)";
				SWIFT_VERSION = 5.0;
				TARGETED_DEVICE_FAMILY = "1,2";
			};
			name = Release;
		};
/* End XCBuildConfiguration section */

/* Begin XCConfigurationList section */
		2DCF99A623C48F3D00980DEA /* Build configuration list for PBXProject "InputAccessoryPlayground" */ = {
			isa = XCConfigurationList;
			buildConfigurations = (
				2DCF99BF23C48F4600980DEA /* Debug */,
				2DCF99C023C48F4600980DEA /* Release */,
			);
			defaultConfigurationIsVisible = 0;
			defaultConfigurationName = Release;
		};
		2DCF99C123C48F4600980DEA /* Build configuration list for PBXNativeTarget "InputAccessoryPlayground" */ = {
			isa = XCConfigurationList;
			buildConfigurations = (
				2DCF99C223C48F4600980DEA /* Debug */,
				2DCF99C323C48F4600980DEA /* Release */,
			);
			defaultConfigurationIsVisible = 0;
			defaultConfigurationName = Release;
		};
/* End XCConfigurationList section */
	};
	rootObject = 2DCF99A323C48F3D00980DEA /* Project object */;
}
